
Microsoft Visual Studio Solution File, Format Version 12.00
# Visual Studio Version 17
VisualStudioVersion = 17.0.31903.59
MinimumVisualStudioVersion = 10.0.40219.1
Project("{2150E333-8FDC-42A3-9474-1A3956D46DE8}") = "src", "src", "{FDF4195F-8B8B-4B85-8E08-097F4FCDB120}"
EndProject
Project("{FAE04EC0-301F-11D3-BF4B-00C04F79EFBC}") = "ScanlineStudio.Abstractions", "src\ScanlineStudio.Abstractions\ScanlineStudio.Abstractions.csproj", "{8001BBB7-08DB-4399-BACC-8DD3C67C4A05}"
EndProject
Project("{FAE04EC0-301F-11D3-BF4B-00C04F79EFBC}") = "ScanlineStudio.Application", "src\ScanlineStudio.Application\ScanlineStudio.Application.csproj", "{9CEF22DD-BF24-4807-B976-18E07489C0D7}"
EndProject
Project("{FAE04EC0-301F-11D3-BF4B-00C04F79EFBC}") = "ScanlineStudio.Core.Audio", "src\ScanlineStudio.Core.Audio\ScanlineStudio.Core.Audio.csproj", "{176776AA-B8B1-482B-9F91-5F180D8F16AC}"
EndProject
Project("{FAE04EC0-301F-11D3-BF4B-00C04F79EFBC}") = "ScanlineStudio.Core.Imaging", "src\ScanlineStudio.Core.Imaging\ScanlineStudio.Core.Imaging.csproj", "{8412C71F-6962-4AD0-964A-DC36C513D45F}"
EndProject
Project("{FAE04EC0-301F-11D3-BF4B-00C04F79EFBC}") = "ScanlineStudio.Core.Localization", "src\ScanlineStudio.Core.Localization\ScanlineStudio.Core.Localization.csproj", "{3A62AFC9-12E6-4EB8-AA72-A387CDADC9C8}"
EndProject
Project("{FAE04EC0-301F-11D3-BF4B-00C04F79EFBC}") = "ScanlineStudio.Core.Logbook", "src\ScanlineStudio.Core.Logbook\ScanlineStudio.Core.Logbook.csproj", "{370CF143-E77D-4DA3-AC23-B5F4183050C4}"
EndProject
Project("{FAE04EC0-301F-11D3-BF4B-00C04F79EFBC}") = "ScanlineStudio.Core.Radio", "src\ScanlineStudio.Core.Radio\ScanlineStudio.Core.Radio.csproj", "{B8C2AFFE-BAD8-4329-9D47-C0E45F0A93EA}"
EndProject
Project("{FAE04EC0-301F-11D3-BF4B-00C04F79EFBC}") = "ScanlineStudio.Core.Radio.Cat", "src\ScanlineStudio.Core.Radio.Cat\ScanlineStudio.Core.Radio.Cat.csproj", "{55DDF268-5B76-4AD6-9BAA-78F65CA873D3}"
EndProject
Project("{FAE04EC0-301F-11D3-BF4B-00C04F79EFBC}") = "ScanlineStudio.Core.Radio.Rigctld", "src\ScanlineStudio.Core.Radio.Rigctld\ScanlineStudio.Core.Radio.Rigctld.csproj", "{ACF12F4F-5D65-4B60-A8AA-D3E3159CB255}"
EndProject
Project("{FAE04EC0-301F-11D3-BF4B-00C04F79EFBC}") = "ScanlineStudio.Core.Sstv", "src\ScanlineStudio.Core.Sstv\ScanlineStudio.Core.Sstv.csproj", "{84D81EF9-FD71-43CF-99B4-41168342F998}"
EndProject
Project("{FAE04EC0-301F-11D3-BF4B-00C04F79EFBC}") = "ScanlineStudio.Host", "src\ScanlineStudio.Host\ScanlineStudio.Host.csproj", "{FBCB2905-B03D-458C-8095-AFBC58D71B55}"
EndProject
Project("{FAE04EC0-301F-11D3-BF4B-00C04F79EFBC}") = "ScanlineStudio.Plugins", "src\ScanlineStudio.Plugins\ScanlineStudio.Plugins.csproj", "{888E0A0A-D611-4C01-A002-DC69E0BA27F0}"
EndProject
Project("{FAE04EC0-301F-11D3-BF4B-00C04F79EFBC}") = "ScanlineStudio.Settings", "src\ScanlineStudio.Settings\ScanlineStudio.Settings.csproj", "{201C8509-7C09-4C43-84D4-3F31899BF83F}"
EndProject
Project("{FAE04EC0-301F-11D3-BF4B-00C04F79EFBC}") = "ScanlineStudio.UI", "src\ScanlineStudio.UI\ScanlineStudio.UI.csproj", "{99A2875B-8DA0-416E-9911-2926C4BA2E55}"
EndProject
Project("{2150E333-8FDC-42A3-9474-1A3956D46DE8}") = "tests", "tests", "{FAD9FE3D-FCD1-4881-8A24-D2A0C9BD6527}"
EndProject
Project("{FAE04EC0-301F-11D3-BF4B-00C04F79EFBC}") = "ScanlineStudio.Application.Tests", "tests\ScanlineStudio.Application.Tests\ScanlineStudio.Application.Tests.csproj", "{906A063D-B84D-4CBC-B98C-1416161D3967}"
EndProject
Project("{FAE04EC0-301F-11D3-BF4B-00C04F79EFBC}") = "ScanlineStudio.Core.Audio.Tests", "tests\ScanlineStudio.Core.Audio.Tests\ScanlineStudio.Core.Audio.Tests.csproj", "{98CCF8DF-F6F1-4207-A66C-6F6DF1244B5C}"
EndProject
Project("{FAE04EC0-301F-11D3-BF4B-00C04F79EFBC}") = "ScanlineStudio.Core.Logbook.Tests", "tests\ScanlineStudio.Core.Logbook.Tests\ScanlineStudio.Core.Logbook.Tests.csproj", "{0C9B3037-62B0-40DE-95DB-4F3BDE3F5157}"
EndProject
Project("{FAE04EC0-301F-11D3-BF4B-00C04F79EFBC}") = "ScanlineStudio.Core.Radio.Tests", "tests\ScanlineStudio.Core.Radio.Tests\ScanlineStudio.Core.Radio.Tests.csproj", "{3AE985EA-DAA8-49BE-85CB-CB6CA0D54206}"
EndProject
Project("{FAE04EC0-301F-11D3-BF4B-00C04F79EFBC}") = "ScanlineStudio.Core.Sstv.Tests", "tests\ScanlineStudio.Core.Sstv.Tests\ScanlineStudio.Core.Sstv.Tests.csproj", "{68AD9890-2389-4FCC-B245-19B1BF6B0542}"
EndProject
Project("{FAE04EC0-301F-11D3-BF4B-00C04F79EFBC}") = "ScanlineStudio.UI.Tests", "tests\ScanlineStudio.UI.Tests\ScanlineStudio.UI.Tests.csproj", "{10DD99A0-F495-4C79-A5C6-FB224A7064B1}"
EndProject
Project("{FAE04EC0-301F-11D3-BF4B-00C04F79EFBC}") = "ScanlineStudio.Core.Audio.MiniAudio.Tests", "tests\ScanlineStudio.Core.Audio.MiniAudio.Tests\ScanlineStudio.Core.Audio.MiniAudio.Tests.csproj", "{5DE9EB34-6F6A-41A1-A893-BE9766FF40BD}"
EndProject
Project("{FAE04EC0-301F-11D3-BF4B-00C04F79EFBC}") = "ScanlineStudio.Core.Audio.MiniAudio", "src\ScanlineStudio.Core.Audio.MiniAudio\ScanlineStudio.Core.Audio.MiniAudio.csproj", "{8F806EE2-33D5-41DC-97FB-EF13000FA959}"
EndProject
Project("{FAE04EC0-301F-11D3-BF4B-00C04F79EFBC}") = "ScanlineStudio.Core.Radio.Hamlib", "src\ScanlineStudio.Core.Radio.Hamlib\ScanlineStudio.Core.Radio.Hamlib.csproj", "{26D7B7CC-0E02-49BA-AFD6-653416D1A87A}"
EndProject
Project("{FAE04EC0-301F-11D3-BF4B-00C04F79EFBC}") = "ScanlineStudio.Core.Localization.Tests", "tests\ScanlineStudio.Core.Localization.Tests\ScanlineStudio.Core.Localization.Tests.csproj", "{C58B6BC5-DA62-4311-A5DC-87EEE08CABBA}"
EndProject
Project("{FAE04EC0-301F-11D3-BF4B-00C04F79EFBC}") = "ScanlineStudio.Settings.Tests", "tests\ScanlineStudio.Settings.Tests\ScanlineStudio.Settings.Tests.csproj", "{3090C6C4-5124-4380-BBFE-D5335EA125C3}"
EndProject
Project("{FAE04EC0-301F-11D3-BF4B-00C04F79EFBC}") = "ScanlineStudio.Core.Imaging.Tests", "tests\ScanlineStudio.Core.Imaging.Tests\ScanlineStudio.Core.Imaging.Tests.csproj", "{973EEC16-2456-4446-991E-E481B8694B70}"
EndProject
Project("{FAE04EC0-301F-11D3-BF4B-00C04F79EFBC}") = "ScanlineStudio.UI.FontTests", "tests\ScanlineStudio.UI.FontTests\ScanlineStudio.UI.FontTests.csproj", "{808C3441-E12E-4BA0-95CD-FD23BC76DA78}"
EndProject
Project("{FAE04EC0-301F-11D3-BF4B-00C04F79EFBC}") = "ScanlineStudio.Host.Tests", "tests\ScanlineStudio.Host.Tests\ScanlineStudio.Host.Tests.csproj", "{6B8761F5-6851-49F0-8920-0BDAD9B29127}"
EndProject
Project("{FAE04EC0-301F-11D3-BF4B-00C04F79EFBC}") = "ScanlineStudio.Core.Radio.Flrig", "src\ScanlineStudio.Core.Radio.Flrig\ScanlineStudio.Core.Radio.Flrig.csproj", "{F0D29C85-E741-41B0-B280-FA71F9AE091E}"
EndProject
Project("{FAE04EC0-301F-11D3-BF4B-00C04F79EFBC}") = "ScanlineStudio.Core.Radio.OmniRig", "src\ScanlineStudio.Core.Radio.OmniRig\ScanlineStudio.Core.Radio.OmniRig.csproj", "{2AFF7590-D358-4CB6-AA18-6A9626875051}"
EndProject
Global
	GlobalSection(SolutionConfigurationPlatforms) = preSolution
		Debug|Any CPU = Debug|Any CPU
		Release|Any CPU = Release|Any CPU
	EndGlobalSection
	GlobalSection(SolutionProperties) = preSolution
		HideSolutionNode = FALSE
	EndGlobalSection
	GlobalSection(ProjectConfigurationPlatforms) = postSolution
		{8001BBB7-08DB-4399-BACC-8DD3C67C4A05}.Debug|Any CPU.ActiveCfg = Debug|Any CPU
		{8001BBB7-08DB-4399-BACC-8DD3C67C4A05}.Debug|Any CPU.Build.0 = Debug|Any CPU
		{8001BBB7-08DB-4399-BACC-8DD3C67C4A05}.Release|Any CPU.ActiveCfg = Release|Any CPU
		{8001BBB7-08DB-4399-BACC-8DD3C67C4A05}.Release|Any CPU.Build.0 = Release|Any CPU
		{9CEF22DD-BF24-4807-B976-18E07489C0D7}.Debug|Any CPU.ActiveCfg = Debug|Any CPU
		{9CEF22DD-BF24-4807-B976-18E07489C0D7}.Debug|Any CPU.Build.0 = Debug|Any CPU
		{9CEF22DD-BF24-4807-B976-18E07489C0D7}.Release|Any CPU.ActiveCfg = Release|Any CPU
		{9CEF22DD-BF24-4807-B976-18E07489C0D7}.Release|Any CPU.Build.0 = Release|Any CPU
		{176776AA-B8B1-482B-9F91-5F180D8F16AC}.Debug|Any CPU.ActiveCfg = Debug|Any CPU
		{176776AA-B8B1-482B-9F91-5F180D8F16AC}.Debug|Any CPU.Build.0 = Debug|Any CPU
		{176776AA-B8B1-482B-9F91-5F180D8F16AC}.Release|Any CPU.ActiveCfg = Release|Any CPU
		{176776AA-B8B1-482B-9F91-5F180D8F16AC}.Release|Any CPU.Build.0 = Release|Any CPU
		{8412C71F-6962-4AD0-964A-DC36C513D45F}.Debug|Any CPU.ActiveCfg = Debug|Any CPU
		{8412C71F-6962-4AD0-964A-DC36C513D45F}.Debug|Any CPU.Build.0 = Debug|Any CPU
		{8412C71F-6962-4AD0-964A-DC36C513D45F}.Release|Any CPU.ActiveCfg = Release|Any CPU
		{8412C71F-6962-4AD0-964A-DC36C513D45F}.Release|Any CPU.Build.0 = Release|Any CPU
		{3A62AFC9-12E6-4EB8-AA72-A387CDADC9C8}.Debug|Any CPU.ActiveCfg = Debug|Any CPU
		{3A62AFC9-12E6-4EB8-AA72-A387CDADC9C8}.Debug|Any CPU.Build.0 = Debug|Any CPU
		{3A62AFC9-12E6-4EB8-AA72-A387CDADC9C8}.Release|Any CPU.ActiveCfg = Release|Any CPU
		{3A62AFC9-12E6-4EB8-AA72-A387CDADC9C8}.Release|Any CPU.Build.0 = Release|Any CPU
		{370CF143-E77D-4DA3-AC23-B5F4183050C4}.Debug|Any CPU.ActiveCfg = Debug|Any CPU
		{370CF143-E77D-4DA3-AC23-B5F4183050C4}.Debug|Any CPU.Build.0 = Debug|Any CPU
		{370CF143-E77D-4DA3-AC23-B5F4183050C4}.Release|Any CPU.ActiveCfg = Release|Any CPU
		{370CF143-E77D-4DA3-AC23-B5F4183050C4}.Release|Any CPU.Build.0 = Release|Any CPU
		{B8C2AFFE-BAD8-4329-9D47-C0E45F0A93EA}.Debug|Any CPU.ActiveCfg = Debug|Any CPU
		{B8C2AFFE-BAD8-4329-9D47-C0E45F0A93EA}.Debug|Any CPU.Build.0 = Debug|Any CPU
		{B8C2AFFE-BAD8-4329-9D47-C0E45F0A93EA}.Release|Any CPU.ActiveCfg = Release|Any CPU
		{B8C2AFFE-BAD8-4329-9D47-C0E45F0A93EA}.Release|Any CPU.Build.0 = Release|Any CPU
		{55DDF268-5B76-4AD6-9BAA-78F65CA873D3}.Debug|Any CPU.ActiveCfg = Debug|Any CPU
		{55DDF268-5B76-4AD6-9BAA-78F65CA873D3}.Debug|Any CPU.Build.0 = Debug|Any CPU
		{55DDF268-5B76-4AD6-9BAA-78F65CA873D3}.Release|Any CPU.ActiveCfg = Release|Any CPU
		{55DDF268-5B76-4AD6-9BAA-78F65CA873D3}.Release|Any CPU.Build.0 = Release|Any CPU
		{ACF12F4F-5D65-4B60-A8AA-D3E3159CB255}.Debug|Any CPU.ActiveCfg = Debug|Any CPU
		{ACF12F4F-5D65-4B60-A8AA-D3E3159CB255}.Debug|Any CPU.Build.0 = Debug|Any CPU
		{ACF12F4F-5D65-4B60-A8AA-D3E3159CB255}.Release|Any CPU.ActiveCfg = Release|Any CPU
		{ACF12F4F-5D65-4B60-A8AA-D3E3159CB255}.Release|Any CPU.Build.0 = Release|Any CPU
		{84D81EF9-FD71-43CF-99B4-41168342F998}.Debug|Any CPU.ActiveCfg = Debug|Any CPU
		{84D81EF9-FD71-43CF-99B4-41168342F998}.Debug|Any CPU.Build.0 = Debug|Any CPU
		{84D81EF9-FD71-43CF-99B4-41168342F998}.Release|Any CPU.ActiveCfg = Release|Any CPU
		{84D81EF9-FD71-43CF-99B4-41168342F998}.Release|Any CPU.Build.0 = Release|Any CPU
		{FBCB2905-B03D-458C-8095-AFBC58D71B55}.Debug|Any CPU.ActiveCfg = Debug|Any CPU
		{FBCB2905-B03D-458C-8095-AFBC58D71B55}.Debug|Any CPU.Build.0 = Debug|Any CPU
		{FBCB2905-B03D-458C-8095-AFBC58D71B55}.Release|Any CPU.ActiveCfg = Release|Any CPU
		{FBCB2905-B03D-458C-8095-AFBC58D71B55}.Release|Any CPU.Build.0 = Release|Any CPU
		{888E0A0A-D611-4C01-A002-DC69E0BA27F0}.Debug|Any CPU.ActiveCfg = Debug|Any CPU
		{888E0A0A-D611-4C01-A002-DC69E0BA27F0}.Debug|Any CPU.Build.0 = Debug|Any CPU
		{888E0A0A-D611-4C01-A002-DC69E0BA27F0}.Release|Any CPU.ActiveCfg = Release|Any CPU
		{888E0A0A-D611-4C01-A002-DC69E0BA27F0}.Release|Any CPU.Build.0 = Release|Any CPU
		{201C8509-7C09-4C43-84D4-3F31899BF83F}.Debug|Any CPU.ActiveCfg = Debug|Any CPU
		{201C8509-7C09-4C43-84D4-3F31899BF83F}.Debug|Any CPU.Build.0 = Debug|Any CPU
		{201C8509-7C09-4C43-84D4-3F31899BF83F}.Release|Any CPU.ActiveCfg = Release|Any CPU
		{201C8509-7C09-4C43-84D4-3F31899BF83F}.Release|Any CPU.Build.0 = Release|Any CPU
		{99A2875B-8DA0-416E-9911-2926C4BA2E55}.Debug|Any CPU.ActiveCfg = Debug|Any CPU
		{99A2875B-8DA0-416E-9911-2926C4BA2E55}.Debug|Any CPU.Build.0 = Debug|Any CPU
		{99A2875B-8DA0-416E-9911-2926C4BA2E55}.Release|Any CPU.ActiveCfg = Release|Any CPU
		{99A2875B-8DA0-416E-9911-2926C4BA2E55}.Release|Any CPU.Build.0 = Release|Any CPU
		{906A063D-B84D-4CBC-B98C-1416161D3967}.Debug|Any CPU.ActiveCfg = Debug|Any CPU
		{906A063D-B84D-4CBC-B98C-1416161D3967}.Debug|Any CPU.Build.0 = Debug|Any CPU
		{906A063D-B84D-4CBC-B98C-1416161D3967}.Release|Any CPU.ActiveCfg = Release|Any CPU
		{906A063D-B84D-4CBC-B98C-1416161D3967}.Release|Any CPU.Build.0 = Release|Any CPU
		{98CCF8DF-F6F1-4207-A66C-6F6DF1244B5C}.Debug|Any CPU.ActiveCfg = Debug|Any CPU
		{98CCF8DF-F6F1-4207-A66C-6F6DF1244B5C}.Debug|Any CPU.Build.0 = Debug|Any CPU
		{98CCF8DF-F6F1-4207-A66C-6F6DF1244B5C}.Release|Any CPU.ActiveCfg = Release|Any CPU
		{98CCF8DF-F6F1-4207-A66C-6F6DF1244B5C}.Release|Any CPU.Build.0 = Release|Any CPU
		{0C9B3037-62B0-40DE-95DB-4F3BDE3F5157}.Debug|Any CPU.ActiveCfg = Debug|Any CPU
		{0C9B3037-62B0-40DE-95DB-4F3BDE3F5157}.Debug|Any CPU.Build.0 = Debug|Any CPU
		{0C9B3037-62B0-40DE-95DB-4F3BDE3F5157}.Release|Any CPU.ActiveCfg = Release|Any CPU
		{0C9B3037-62B0-40DE-95DB-4F3BDE3F5157}.Release|Any CPU.Build.0 = Release|Any CPU
		{3AE985EA-DAA8-49BE-85CB-CB6CA0D54206}.Debug|Any CPU.ActiveCfg = Debug|Any CPU
		{3AE985EA-DAA8-49BE-85CB-CB6CA0D54206}.Debug|Any CPU.Build.0 = Debug|Any CPU
		{3AE985EA-DAA8-49BE-85CB-CB6CA0D54206}.Release|Any CPU.ActiveCfg = Release|Any CPU
		{3AE985EA-DAA8-49BE-85CB-CB6CA0D54206}.Release|Any CPU.Build.0 = Release|Any CPU
		{68AD9890-2389-4FCC-B245-19B1BF6B0542}.Debug|Any CPU.ActiveCfg = Debug|Any CPU
		{68AD9890-2389-4FCC-B245-19B1BF6B0542}.Debug|Any CPU.Build.0 = Debug|Any CPU
		{68AD9890-2389-4FCC-B245-19B1BF6B0542}.Release|Any CPU.ActiveCfg = Release|Any CPU
		{68AD9890-2389-4FCC-B245-19B1BF6B0542}.Release|Any CPU.Build.0 = Release|Any CPU
		{10DD99A0-F495-4C79-A5C6-FB224A7064B1}.Debug|Any CPU.ActiveCfg = Debug|Any CPU
		{10DD99A0-F495-4C79-A5C6-FB224A7064B1}.Debug|Any CPU.Build.0 = Debug|Any CPU
		{10DD99A0-F495-4C79-A5C6-FB224A7064B1}.Release|Any CPU.ActiveCfg = Release|Any CPU
		{10DD99A0-F495-4C79-A5C6-FB224A7064B1}.Release|Any CPU.Build.0 = Release|Any CPU
		{5DE9EB34-6F6A-41A1-A893-BE9766FF40BD}.Debug|Any CPU.ActiveCfg = Debug|Any CPU
		{5DE9EB34-6F6A-41A1-A893-BE9766FF40BD}.Debug|Any CPU.Build.0 = Debug|Any CPU
		{5DE9EB34-6F6A-41A1-A893-BE9766FF40BD}.Release|Any CPU.ActiveCfg = Release|Any CPU
		{5DE9EB34-6F6A-41A1-A893-BE9766FF40BD}.Release|Any CPU.Build.0 = Release|Any CPU
		{8F806EE2-33D5-41DC-97FB-EF13000FA959}.Debug|Any CPU.ActiveCfg = Debug|Any CPU
		{8F806EE2-33D5-41DC-97FB-EF13000FA959}.Debug|Any CPU.Build.0 = Debug|Any CPU
		{8F806EE2-33D5-41DC-97FB-EF13000FA959}.Release|Any CPU.ActiveCfg = Release|Any CPU
		{8F806EE2-33D5-41DC-97FB-EF13000FA959}.Release|Any CPU.Build.0 = Release|Any CPU
		{26D7B7CC-0E02-49BA-AFD6-653416D1A87A}.Debug|Any CPU.ActiveCfg = Debug|Any CPU
		{26D7B7CC-0E02-49BA-AFD6-653416D1A87A}.Debug|Any CPU.Build.0 = Debug|Any CPU
		{26D7B7CC-0E02-49BA-AFD6-653416D1A87A}.Release|Any CPU.ActiveCfg = Release|Any CPU
		{26D7B7CC-0E02-49BA-AFD6-653416D1A87A}.Release|Any CPU.Build.0 = Release|Any CPU
		{C58B6BC5-DA62-4311-A5DC-87EEE08CABBA}.Debug|Any CPU.ActiveCfg = Debug|Any CPU
		{C58B6BC5-DA62-4311-A5DC-87EEE08CABBA}.Debug|Any CPU.Build.0 = Debug|Any CPU
		{C58B6BC5-DA62-4311-A5DC-87EEE08CABBA}.Release|Any CPU.ActiveCfg = Release|Any CPU
		{C58B6BC5-DA62-4311-A5DC-87EEE08CABBA}.Release|Any CPU.Build.0 = Release|Any CPU
		{3090C6C4-5124-4380-BBFE-D5335EA125C3}.Debug|Any CPU.ActiveCfg = Debug|Any CPU
		{3090C6C4-5124-4380-BBFE-D5335EA125C3}.Debug|Any CPU.Build.0 = Debug|Any CPU
		{3090C6C4-5124-4380-BBFE-D5335EA125C3}.Release|Any CPU.ActiveCfg = Release|Any CPU
		{3090C6C4-5124-4380-BBFE-D5335EA125C3}.Release|Any CPU.Build.0 = Release|Any CPU
		{973EEC16-2456-4446-991E-E481B8694B70}.Debug|Any CPU.ActiveCfg = Debug|Any CPU
		{973EEC16-2456-4446-991E-E481B8694B70}.Debug|Any CPU.Build.0 = Debug|Any CPU
		{973EEC16-2456-4446-991E-E481B8694B70}.Release|Any CPU.ActiveCfg = Release|Any CPU
		{973EEC16-2456-4446-991E-E481B8694B70}.Release|Any CPU.Build.0 = Release|Any CPU
		{808C3441-E12E-4BA0-95CD-FD23BC76DA78}.Debug|Any CPU.ActiveCfg = Debug|Any CPU
		{808C3441-E12E-4BA0-95CD-FD23BC76DA78}.Debug|Any CPU.Build.0 = Debug|Any CPU
		{808C3441-E12E-4BA0-95CD-FD23BC76DA78}.Release|Any CPU.ActiveCfg = Release|Any CPU
		{808C3441-E12E-4BA0-95CD-FD23BC76DA78}.Release|Any CPU.Build.0 = Release|Any CPU
		{6B8761F5-6851-49F0-8920-0BDAD9B29127}.Debug|Any CPU.ActiveCfg = Debug|Any CPU
		{6B8761F5-6851-49F0-8920-0BDAD9B29127}.Debug|Any CPU.Build.0 = Debug|Any CPU
		{6B8761F5-6851-49F0-8920-0BDAD9B29127}.Release|Any CPU.ActiveCfg = Release|Any CPU
		{6B8761F5-6851-49F0-8920-0BDAD9B29127}.Release|Any CPU.Build.0 = Release|Any CPU
		{F0D29C85-E741-41B0-B280-FA71F9AE091E}.Debug|Any CPU.ActiveCfg = Debug|Any CPU
		{F0D29C85-E741-41B0-B280-FA71F9AE091E}.Debug|Any CPU.Build.0 = Debug|Any CPU
		{F0D29C85-E741-41B0-B280-FA71F9AE091E}.Release|Any CPU.ActiveCfg = Release|Any CPU
		{F0D29C85-E741-41B0-B280-FA71F9AE091E}.Release|Any CPU.Build.0 = Release|Any CPU
		{2AFF7590-D358-4CB6-AA18-6A9626875051}.Debug|Any CPU.ActiveCfg = Debug|Any CPU
		{2AFF7590-D358-4CB6-AA18-6A9626875051}.Debug|Any CPU.Build.0 = Debug|Any CPU
		{2AFF7590-D358-4CB6-AA18-6A9626875051}.Release|Any CPU.ActiveCfg = Release|Any CPU
		{2AFF7590-D358-4CB6-AA18-6A9626875051}.Release|Any CPU.Build.0 = Release|Any CPU
	EndGlobalSection
	GlobalSection(NestedProjects) = preSolution
		{8001BBB7-08DB-4399-BACC-8DD3C67C4A05} = {FDF4195F-8B8B-4B85-8E08-097F4FCDB120}
		{9CEF22DD-BF24-4807-B976-18E07489C0D7} = {FDF4195F-8B8B-4B85-8E08-097F4FCDB120}
		{176776AA-B8B1-482B-9F91-5F180D8F16AC} = {FDF4195F-8B8B-4B85-8E08-097F4FCDB120}
		{8412C71F-6962-4AD0-964A-DC36C513D45F} = {FDF4195F-8B8B-4B85-8E08-097F4FCDB120}
		{3A62AFC9-12E6-4EB8-AA72-A387CDADC9C8} = {FDF4195F-8B8B-4B85-8E08-097F4FCDB120}
		{370CF143-E77D-4DA3-AC23-B5F4183050C4} = {FDF4195F-8B8B-4B85-8E08-097F4FCDB120}
		{B8C2AFFE-BAD8-4329-9D47-C0E45F0A93EA} = {FDF4195F-8B8B-4B85-8E08-097F4FCDB120}
		{55DDF268-5B76-4AD6-9BAA-78F65CA873D3} = {FDF4195F-8B8B-4B85-8E08-097F4FCDB120}
		{ACF12F4F-5D65-4B60-A8AA-D3E3159CB255} = {FDF4195F-8B8B-4B85-8E08-097F4FCDB120}
		{84D81EF9-FD71-43CF-99B4-41168342F998} = {FDF4195F-8B8B-4B85-8E08-097F4FCDB120}
		{FBCB2905-B03D-458C-8095-AFBC58D71B55} = {FDF4195F-8B8B-4B85-8E08-097F4FCDB120}
		{888E0A0A-D611-4C01-A002-DC69E0BA27F0} = {FDF4195F-8B8B-4B85-8E08-097F4FCDB120}
		{201C8509-7C09-4C43-84D4-3F31899BF83F} = {FDF4195F-8B8B-4B85-8E08-097F4FCDB120}
		{99A2875B-8DA0-416E-9911-2926C4BA2E55} = {FDF4195F-8B8B-4B85-8E08-097F4FCDB120}
		{906A063D-B84D-4CBC-B98C-1416161D3967} = {FAD9FE3D-FCD1-4881-8A24-D2A0C9BD6527}
		{98CCF8DF-F6F1-4207-A66C-6F6DF1244B5C} = {FAD9FE3D-FCD1-4881-8A24-D2A0C9BD6527}
		{0C9B3037-62B0-40DE-95DB-4F3BDE3F5157} = {FAD9FE3D-FCD1-4881-8A24-D2A0C9BD6527}
		{3AE985EA-DAA8-49BE-85CB-CB6CA0D54206} = {FAD9FE3D-FCD1-4881-8A24-D2A0C9BD6527}
		{68AD9890-2389-4FCC-B245-19B1BF6B0542} = {FAD9FE3D-FCD1-4881-8A24-D2A0C9BD6527}
		{10DD99A0-F495-4C79-A5C6-FB224A7064B1} = {FAD9FE3D-FCD1-4881-8A24-D2A0C9BD6527}
		{5DE9EB34-6F6A-41A1-A893-BE9766FF40BD} = {FAD9FE3D-FCD1-4881-8A24-D2A0C9BD6527}
		{8F806EE2-33D5-41DC-97FB-EF13000FA959} = {FDF4195F-8B8B-4B85-8E08-097F4FCDB120}
		{26D7B7CC-0E02-49BA-AFD6-653416D1A87A} = {FDF4195F-8B8B-4B85-8E08-097F4FCDB120}
		{C58B6BC5-DA62-4311-A5DC-87EEE08CABBA} = {FAD9FE3D-FCD1-4881-8A24-D2A0C9BD6527}
		{3090C6C4-5124-4380-BBFE-D5335EA125C3} = {FAD9FE3D-FCD1-4881-8A24-D2A0C9BD6527}
		{973EEC16-2456-4446-991E-E481B8694B70} = {FAD9FE3D-FCD1-4881-8A24-D2A0C9BD6527}
		{808C3441-E12E-4BA0-95CD-FD23BC76DA78} = {FAD9FE3D-FCD1-4881-8A24-D2A0C9BD6527}
		{6B8761F5-6851-49F0-8920-0BDAD9B29127} = {FAD9FE3D-FCD1-4881-8A24-D2A0C9BD6527}
		{F0D29C85-E741-41B0-B280-FA71F9AE091E} = {FDF4195F-8B8B-4B85-8E08-097F4FCDB120}
		{2AFF7590-D358-4CB6-AA18-6A9626875051} = {FDF4195F-8B8B-4B85-8E08-097F4FCDB120}
	EndGlobalSection
EndGlobal
