
Microsoft Visual Studio Solution File, Format Version 12.00
# Visual Studio Version 17
VisualStudioVersion = 17.0.31903.59
MinimumVisualStudioVersion = 10.0.40219.1
Project("{2150E333-8FDC-42A3-9474-1A3956D46DE8}") = "src", "src", "{FDF4195F-8B8B-4B85-8E08-097F4FCDB120}"
EndProject
Project("{FAE04EC0-301F-11D3-BF4B-00C04F79EFBC}") = "Yoniq.Abstractions", "src\Yoniq.Abstractions\Yoniq.Abstractions.csproj", "{8001BBB7-08DB-4399-BACC-8DD3C67C4A05}"
EndProject
Project("{FAE04EC0-301F-11D3-BF4B-00C04F79EFBC}") = "Yoniq.Application", "src\Yoniq.Application\Yoniq.Application.csproj", "{9CEF22DD-BF24-4807-B976-18E07489C0D7}"
EndProject
Project("{FAE04EC0-301F-11D3-BF4B-00C04F79EFBC}") = "Yoniq.Core.Audio", "src\Yoniq.Core.Audio\Yoniq.Core.Audio.csproj", "{176776AA-B8B1-482B-9F91-5F180D8F16AC}"
EndProject
Project("{FAE04EC0-301F-11D3-BF4B-00C04F79EFBC}") = "Yoniq.Core.Imaging", "src\Yoniq.Core.Imaging\Yoniq.Core.Imaging.csproj", "{8412C71F-6962-4AD0-964A-DC36C513D45F}"
EndProject
Project("{FAE04EC0-301F-11D3-BF4B-00C04F79EFBC}") = "Yoniq.Core.Localization", "src\Yoniq.Core.Localization\Yoniq.Core.Localization.csproj", "{3A62AFC9-12E6-4EB8-AA72-A387CDADC9C8}"
EndProject
Project("{FAE04EC0-301F-11D3-BF4B-00C04F79EFBC}") = "Yoniq.Core.Logbook", "src\Yoniq.Core.Logbook\Yoniq.Core.Logbook.csproj", "{370CF143-E77D-4DA3-AC23-B5F4183050C4}"
EndProject
Project("{FAE04EC0-301F-11D3-BF4B-00C04F79EFBC}") = "Yoniq.Core.Radio", "src\Yoniq.Core.Radio\Yoniq.Core.Radio.csproj", "{B8C2AFFE-BAD8-4329-9D47-C0E45F0A93EA}"
EndProject
Project("{FAE04EC0-301F-11D3-BF4B-00C04F79EFBC}") = "Yoniq.Core.Radio.Cat", "src\Yoniq.Core.Radio.Cat\Yoniq.Core.Radio.Cat.csproj", "{55DDF268-5B76-4AD6-9BAA-78F65CA873D3}"
EndProject
Project("{FAE04EC0-301F-11D3-BF4B-00C04F79EFBC}") = "Yoniq.Core.Radio.Rigctld", "src\Yoniq.Core.Radio.Rigctld\Yoniq.Core.Radio.Rigctld.csproj", "{ACF12F4F-5D65-4B60-A8AA-D3E3159CB255}"
EndProject
Project("{FAE04EC0-301F-11D3-BF4B-00C04F79EFBC}") = "Yoniq.Core.Sstv", "src\Yoniq.Core.Sstv\Yoniq.Core.Sstv.csproj", "{84D81EF9-FD71-43CF-99B4-41168342F998}"
EndProject
Project("{FAE04EC0-301F-11D3-BF4B-00C04F79EFBC}") = "Yoniq.Host", "src\Yoniq.Host\Yoniq.Host.csproj", "{FBCB2905-B03D-458C-8095-AFBC58D71B55}"
EndProject
Project("{FAE04EC0-301F-11D3-BF4B-00C04F79EFBC}") = "Yoniq.Plugins", "src\Yoniq.Plugins\Yoniq.Plugins.csproj", "{888E0A0A-D611-4C01-A002-DC69E0BA27F0}"
EndProject
Project("{FAE04EC0-301F-11D3-BF4B-00C04F79EFBC}") = "Yoniq.Settings", "src\Yoniq.Settings\Yoniq.Settings.csproj", "{201C8509-7C09-4C43-84D4-3F31899BF83F}"
EndProject
Project("{FAE04EC0-301F-11D3-BF4B-00C04F79EFBC}") = "Yoniq.UI", "src\Yoniq.UI\Yoniq.UI.csproj", "{99A2875B-8DA0-416E-9911-2926C4BA2E55}"
EndProject
Project("{2150E333-8FDC-42A3-9474-1A3956D46DE8}") = "tests", "tests", "{FAD9FE3D-FCD1-4881-8A24-D2A0C9BD6527}"
EndProject
Project("{FAE04EC0-301F-11D3-BF4B-00C04F79EFBC}") = "Yoniq.Application.Tests", "tests\Yoniq.Application.Tests\Yoniq.Application.Tests.csproj", "{906A063D-B84D-4CBC-B98C-1416161D3967}"
EndProject
Project("{FAE04EC0-301F-11D3-BF4B-00C04F79EFBC}") = "Yoniq.Core.Audio.Tests", "tests\Yoniq.Core.Audio.Tests\Yoniq.Core.Audio.Tests.csproj", "{98CCF8DF-F6F1-4207-A66C-6F6DF1244B5C}"
EndProject
Project("{FAE04EC0-301F-11D3-BF4B-00C04F79EFBC}") = "Yoniq.Core.Logbook.Tests", "tests\Yoniq.Core.Logbook.Tests\Yoniq.Core.Logbook.Tests.csproj", "{0C9B3037-62B0-40DE-95DB-4F3BDE3F5157}"
EndProject
Project("{FAE04EC0-301F-11D3-BF4B-00C04F79EFBC}") = "Yoniq.Core.Radio.Tests", "tests\Yoniq.Core.Radio.Tests\Yoniq.Core.Radio.Tests.csproj", "{3AE985EA-DAA8-49BE-85CB-CB6CA0D54206}"
EndProject
Project("{FAE04EC0-301F-11D3-BF4B-00C04F79EFBC}") = "Yoniq.Core.Sstv.Tests", "tests\Yoniq.Core.Sstv.Tests\Yoniq.Core.Sstv.Tests.csproj", "{68AD9890-2389-4FCC-B245-19B1BF6B0542}"
EndProject
Project("{FAE04EC0-301F-11D3-BF4B-00C04F79EFBC}") = "Yoniq.UI.Tests", "tests\Yoniq.UI.Tests\Yoniq.UI.Tests.csproj", "{10DD99A0-F495-4C79-A5C6-FB224A7064B1}"
EndProject
Project("{FAE04EC0-301F-11D3-BF4B-00C04F79EFBC}") = "Yoniq.Core.Audio.MiniAudio.Tests", "tests\Yoniq.Core.Audio.MiniAudio.Tests\Yoniq.Core.Audio.MiniAudio.Tests.csproj", "{5DE9EB34-6F6A-41A1-A893-BE9766FF40BD}"
EndProject
Project("{FAE04EC0-301F-11D3-BF4B-00C04F79EFBC}") = "Yoniq.Core.Audio.MiniAudio", "src\Yoniq.Core.Audio.MiniAudio\Yoniq.Core.Audio.MiniAudio.csproj", "{8F806EE2-33D5-41DC-97FB-EF13000FA959}"
EndProject
Global
	GlobalSection(SolutionConfigurationPlatforms) = preSolution
		Debug|Any CPU = Debug|Any CPU
		Release|Any CPU = Release|Any CPU
	EndGlobalSection
	GlobalSection(SolutionProperties) = preSolution
		HideSolutionNode = FALSE
	EndGlobalSection
	GlobalSection(ProjectConfigurationPlatforms) = postSolution
		{8001BBB7-08DB-4399-BACC-8DD3C67C4A05}.Debug|Any CPU.ActiveCfg = Debug|Any CPU
		{8001BBB7-08DB-4399-BACC-8DD3C67C4A05}.Debug|Any CPU.Build.0 = Debug|Any CPU
		{8001BBB7-08DB-4399-BACC-8DD3C67C4A05}.Release|Any CPU.ActiveCfg = Release|Any CPU
		{8001BBB7-08DB-4399-BACC-8DD3C67C4A05}.Release|Any CPU.Build.0 = Release|Any CPU
		{9CEF22DD-BF24-4807-B976-18E07489C0D7}.Debug|Any CPU.ActiveCfg = Debug|Any CPU
		{9CEF22DD-BF24-4807-B976-18E07489C0D7}.Debug|Any CPU.Build.0 = Debug|Any CPU
		{9CEF22DD-BF24-4807-B976-18E07489C0D7}.Release|Any CPU.ActiveCfg = Release|Any CPU
		{9CEF22DD-BF24-4807-B976-18E07489C0D7}.Release|Any CPU.Build.0 = Release|Any CPU
		{176776AA-B8B1-482B-9F91-5F180D8F16AC}.Debug|Any CPU.ActiveCfg = Debug|Any CPU
		{176776AA-B8B1-482B-9F91-5F180D8F16AC}.Debug|Any CPU.Build.0 = Debug|Any CPU
		{176776AA-B8B1-482B-9F91-5F180D8F16AC}.Release|Any CPU.ActiveCfg = Release|Any CPU
		{176776AA-B8B1-482B-9F91-5F180D8F16AC}.Release|Any CPU.Build.0 = Release|Any CPU
		{8412C71F-6962-4AD0-964A-DC36C513D45F}.Debug|Any CPU.ActiveCfg = Debug|Any CPU
		{8412C71F-6962-4AD0-964A-DC36C513D45F}.Debug|Any CPU.Build.0 = Debug|Any CPU
		{8412C71F-6962-4AD0-964A-DC36C513D45F}.Release|Any CPU.ActiveCfg = Release|Any CPU
		{8412C71F-6962-4AD0-964A-DC36C513D45F}.Release|Any CPU.Build.0 = Release|Any CPU
		{3A62AFC9-12E6-4EB8-AA72-A387CDADC9C8}.Debug|Any CPU.ActiveCfg = Debug|Any CPU
		{3A62AFC9-12E6-4EB8-AA72-A387CDADC9C8}.Debug|Any CPU.Build.0 = Debug|Any CPU
		{3A62AFC9-12E6-4EB8-AA72-A387CDADC9C8}.Release|Any CPU.ActiveCfg = Release|Any CPU
		{3A62AFC9-12E6-4EB8-AA72-A387CDADC9C8}.Release|Any CPU.Build.0 = Release|Any CPU
		{370CF143-E77D-4DA3-AC23-B5F4183050C4}.Debug|Any CPU.ActiveCfg = Debug|Any CPU
		{370CF143-E77D-4DA3-AC23-B5F4183050C4}.Debug|Any CPU.Build.0 = Debug|Any CPU
		{370CF143-E77D-4DA3-AC23-B5F4183050C4}.Release|Any CPU.ActiveCfg = Release|Any CPU
		{370CF143-E77D-4DA3-AC23-B5F4183050C4}.Release|Any CPU.Build.0 = Release|Any CPU
		{B8C2AFFE-BAD8-4329-9D47-C0E45F0A93EA}.Debug|Any CPU.ActiveCfg = Debug|Any CPU
		{B8C2AFFE-BAD8-4329-9D47-C0E45F0A93EA}.Debug|Any CPU.Build.0 = Debug|Any CPU
		{B8C2AFFE-BAD8-4329-9D47-C0E45F0A93EA}.Release|Any CPU.ActiveCfg = Release|Any CPU
		{B8C2AFFE-BAD8-4329-9D47-C0E45F0A93EA}.Release|Any CPU.Build.0 = Release|Any CPU
		{55DDF268-5B76-4AD6-9BAA-78F65CA873D3}.Debug|Any CPU.ActiveCfg = Debug|Any CPU
		{55DDF268-5B76-4AD6-9BAA-78F65CA873D3}.Debug|Any CPU.Build.0 = Debug|Any CPU
		{55DDF268-5B76-4AD6-9BAA-78F65CA873D3}.Release|Any CPU.ActiveCfg = Release|Any CPU
		{55DDF268-5B76-4AD6-9BAA-78F65CA873D3}.Release|Any CPU.Build.0 = Release|Any CPU
		{ACF12F4F-5D65-4B60-A8AA-D3E3159CB255}.Debug|Any CPU.ActiveCfg = Debug|Any CPU
		{ACF12F4F-5D65-4B60-A8AA-D3E3159CB255}.Debug|Any CPU.Build.0 = Debug|Any CPU
		{ACF12F4F-5D65-4B60-A8AA-D3E3159CB255}.Release|Any CPU.ActiveCfg = Release|Any CPU
		{ACF12F4F-5D65-4B60-A8AA-D3E3159CB255}.Release|Any CPU.Build.0 = Release|Any CPU
		{84D81EF9-FD71-43CF-99B4-41168342F998}.Debug|Any CPU.ActiveCfg = Debug|Any CPU
		{84D81EF9-FD71-43CF-99B4-41168342F998}.Debug|Any CPU.Build.0 = Debug|Any CPU
		{84D81EF9-FD71-43CF-99B4-41168342F998}.Release|Any CPU.ActiveCfg = Release|Any CPU
		{84D81EF9-FD71-43CF-99B4-41168342F998}.Release|Any CPU.Build.0 = Release|Any CPU
		{FBCB2905-B03D-458C-8095-AFBC58D71B55}.Debug|Any CPU.ActiveCfg = Debug|Any CPU
		{FBCB2905-B03D-458C-8095-AFBC58D71B55}.Debug|Any CPU.Build.0 = Debug|Any CPU
		{FBCB2905-B03D-458C-8095-AFBC58D71B55}.Release|Any CPU.ActiveCfg = Release|Any CPU
		{FBCB2905-B03D-458C-8095-AFBC58D71B55}.Release|Any CPU.Build.0 = Release|Any CPU
		{888E0A0A-D611-4C01-A002-DC69E0BA27F0}.Debug|Any CPU.ActiveCfg = Debug|Any CPU
		{888E0A0A-D611-4C01-A002-DC69E0BA27F0}.Debug|Any CPU.Build.0 = Debug|Any CPU
		{888E0A0A-D611-4C01-A002-DC69E0BA27F0}.Release|Any CPU.ActiveCfg = Release|Any CPU
		{888E0A0A-D611-4C01-A002-DC69E0BA27F0}.Release|Any CPU.Build.0 = Release|Any CPU
		{201C8509-7C09-4C43-84D4-3F31899BF83F}.Debug|Any CPU.ActiveCfg = Debug|Any CPU
		{201C8509-7C09-4C43-84D4-3F31899BF83F}.Debug|Any CPU.Build.0 = Debug|Any CPU
		{201C8509-7C09-4C43-84D4-3F31899BF83F}.Release|Any CPU.ActiveCfg = Release|Any CPU
		{201C8509-7C09-4C43-84D4-3F31899BF83F}.Release|Any CPU.Build.0 = Release|Any CPU
		{99A2875B-8DA0-416E-9911-2926C4BA2E55}.Debug|Any CPU.ActiveCfg = Debug|Any CPU
		{99A2875B-8DA0-416E-9911-2926C4BA2E55}.Debug|Any CPU.Build.0 = Debug|Any CPU
		{99A2875B-8DA0-416E-9911-2926C4BA2E55}.Release|Any CPU.ActiveCfg = Release|Any CPU
		{99A2875B-8DA0-416E-9911-2926C4BA2E55}.Release|Any CPU.Build.0 = Release|Any CPU
		{906A063D-B84D-4CBC-B98C-1416161D3967}.Debug|Any CPU.ActiveCfg = Debug|Any CPU
		{906A063D-B84D-4CBC-B98C-1416161D3967}.Debug|Any CPU.Build.0 = Debug|Any CPU
		{906A063D-B84D-4CBC-B98C-1416161D3967}.Release|Any CPU.ActiveCfg = Release|Any CPU
		{906A063D-B84D-4CBC-B98C-1416161D3967}.Release|Any CPU.Build.0 = Release|Any CPU
		{98CCF8DF-F6F1-4207-A66C-6F6DF1244B5C}.Debug|Any CPU.ActiveCfg = Debug|Any CPU
		{98CCF8DF-F6F1-4207-A66C-6F6DF1244B5C}.Debug|Any CPU.Build.0 = Debug|Any CPU
		{98CCF8DF-F6F1-4207-A66C-6F6DF1244B5C}.Release|Any CPU.ActiveCfg = Release|Any CPU
		{98CCF8DF-F6F1-4207-A66C-6F6DF1244B5C}.Release|Any CPU.Build.0 = Release|Any CPU
		{0C9B3037-62B0-40DE-95DB-4F3BDE3F5157}.Debug|Any CPU.ActiveCfg = Debug|Any CPU
		{0C9B3037-62B0-40DE-95DB-4F3BDE3F5157}.Debug|Any CPU.Build.0 = Debug|Any CPU
		{0C9B3037-62B0-40DE-95DB-4F3BDE3F5157}.Release|Any CPU.ActiveCfg = Release|Any CPU
		{0C9B3037-62B0-40DE-95DB-4F3BDE3F5157}.Release|Any CPU.Build.0 = Release|Any CPU
		{3AE985EA-DAA8-49BE-85CB-CB6CA0D54206}.Debug|Any CPU.ActiveCfg = Debug|Any CPU
		{3AE985EA-DAA8-49BE-85CB-CB6CA0D54206}.Debug|Any CPU.Build.0 = Debug|Any CPU
		{3AE985EA-DAA8-49BE-85CB-CB6CA0D54206}.Release|Any CPU.ActiveCfg = Release|Any CPU
		{3AE985EA-DAA8-49BE-85CB-CB6CA0D54206}.Release|Any CPU.Build.0 = Release|Any CPU
		{68AD9890-2389-4FCC-B245-19B1BF6B0542}.Debug|Any CPU.ActiveCfg = Debug|Any CPU
		{68AD9890-2389-4FCC-B245-19B1BF6B0542}.Debug|Any CPU.Build.0 = Debug|Any CPU
		{68AD9890-2389-4FCC-B245-19B1BF6B0542}.Release|Any CPU.ActiveCfg = Release|Any CPU
		{68AD9890-2389-4FCC-B245-19B1BF6B0542}.Release|Any CPU.Build.0 = Release|Any CPU
		{10DD99A0-F495-4C79-A5C6-FB224A7064B1}.Debug|Any CPU.ActiveCfg = Debug|Any CPU
		{10DD99A0-F495-4C79-A5C6-FB224A7064B1}.Debug|Any CPU.Build.0 = Debug|Any CPU
		{10DD99A0-F495-4C79-A5C6-FB224A7064B1}.Release|Any CPU.ActiveCfg = Release|Any CPU
		{10DD99A0-F495-4C79-A5C6-FB224A7064B1}.Release|Any CPU.Build.0 = Release|Any CPU
		{5DE9EB34-6F6A-41A1-A893-BE9766FF40BD}.Debug|Any CPU.ActiveCfg = Debug|Any CPU
		{5DE9EB34-6F6A-41A1-A893-BE9766FF40BD}.Debug|Any CPU.Build.0 = Debug|Any CPU
		{5DE9EB34-6F6A-41A1-A893-BE9766FF40BD}.Release|Any CPU.ActiveCfg = Release|Any CPU
		{5DE9EB34-6F6A-41A1-A893-BE9766FF40BD}.Release|Any CPU.Build.0 = Release|Any CPU
		{8F806EE2-33D5-41DC-97FB-EF13000FA959}.Debug|Any CPU.ActiveCfg = Debug|Any CPU
		{8F806EE2-33D5-41DC-97FB-EF13000FA959}.Debug|Any CPU.Build.0 = Debug|Any CPU
		{8F806EE2-33D5-41DC-97FB-EF13000FA959}.Release|Any CPU.ActiveCfg = Release|Any CPU
		{8F806EE2-33D5-41DC-97FB-EF13000FA959}.Release|Any CPU.Build.0 = Release|Any CPU
	EndGlobalSection
	GlobalSection(NestedProjects) = preSolution
		{8001BBB7-08DB-4399-BACC-8DD3C67C4A05} = {FDF4195F-8B8B-4B85-8E08-097F4FCDB120}
		{9CEF22DD-BF24-4807-B976-18E07489C0D7} = {FDF4195F-8B8B-4B85-8E08-097F4FCDB120}
		{176776AA-B8B1-482B-9F91-5F180D8F16AC} = {FDF4195F-8B8B-4B85-8E08-097F4FCDB120}
		{8412C71F-6962-4AD0-964A-DC36C513D45F} = {FDF4195F-8B8B-4B85-8E08-097F4FCDB120}
		{3A62AFC9-12E6-4EB8-AA72-A387CDADC9C8} = {FDF4195F-8B8B-4B85-8E08-097F4FCDB120}
		{370CF143-E77D-4DA3-AC23-B5F4183050C4} = {FDF4195F-8B8B-4B85-8E08-097F4FCDB120}
		{B8C2AFFE-BAD8-4329-9D47-C0E45F0A93EA} = {FDF4195F-8B8B-4B85-8E08-097F4FCDB120}
		{55DDF268-5B76-4AD6-9BAA-78F65CA873D3} = {FDF4195F-8B8B-4B85-8E08-097F4FCDB120}
		{ACF12F4F-5D65-4B60-A8AA-D3E3159CB255} = {FDF4195F-8B8B-4B85-8E08-097F4FCDB120}
		{84D81EF9-FD71-43CF-99B4-41168342F998} = {FDF4195F-8B8B-4B85-8E08-097F4FCDB120}
		{FBCB2905-B03D-458C-8095-AFBC58D71B55} = {FDF4195F-8B8B-4B85-8E08-097F4FCDB120}
		{888E0A0A-D611-4C01-A002-DC69E0BA27F0} = {FDF4195F-8B8B-4B85-8E08-097F4FCDB120}
		{201C8509-7C09-4C43-84D4-3F31899BF83F} = {FDF4195F-8B8B-4B85-8E08-097F4FCDB120}
		{99A2875B-8DA0-416E-9911-2926C4BA2E55} = {FDF4195F-8B8B-4B85-8E08-097F4FCDB120}
		{906A063D-B84D-4CBC-B98C-1416161D3967} = {FAD9FE3D-FCD1-4881-8A24-D2A0C9BD6527}
		{98CCF8DF-F6F1-4207-A66C-6F6DF1244B5C} = {FAD9FE3D-FCD1-4881-8A24-D2A0C9BD6527}
		{0C9B3037-62B0-40DE-95DB-4F3BDE3F5157} = {FAD9FE3D-FCD1-4881-8A24-D2A0C9BD6527}
		{3AE985EA-DAA8-49BE-85CB-CB6CA0D54206} = {FAD9FE3D-FCD1-4881-8A24-D2A0C9BD6527}
		{68AD9890-2389-4FCC-B245-19B1BF6B0542} = {FAD9FE3D-FCD1-4881-8A24-D2A0C9BD6527}
		{10DD99A0-F495-4C79-A5C6-FB224A7064B1} = {FAD9FE3D-FCD1-4881-8A24-D2A0C9BD6527}
		{5DE9EB34-6F6A-41A1-A893-BE9766FF40BD} = {FAD9FE3D-FCD1-4881-8A24-D2A0C9BD6527}
		{8F806EE2-33D5-41DC-97FB-EF13000FA959} = {FDF4195F-8B8B-4B85-8E08-097F4FCDB120}
	EndGlobalSection
EndGlobal
